
Microsoft Visual Studio Solution File, Format Version 12.00
# Visual Studio 15
VisualStudioVersion = 15.0.28307.852
MinimumVisualStudioVersion = 10.0.40219.1
Project("{FAE04EC0-301F-11D3-BF4B-00C04F79EFBC}") = "GymMarombex", "GymMarombex\GymMarombex.csproj", "{B4B03349-10E4-45D7-B4FD-FC7E1D1EEAFE}"
EndProject
Global
	GlobalSection(SolutionConfigurationPlatforms) = preSolution
		Debug|Any CPU = Debug|Any CPU
		Release|Any CPU = Release|Any CPU
	EndGlobalSection
	GlobalSection(ProjectConfigurationPlatforms) = postSolution
		{B4B03349-10E4-45D7-B4FD-FC7E1D1EEAFE}.Debug|Any CPU.ActiveCfg = Debug|Any CPU
		{B4B03349-10E4-45D7-B4FD-FC7E1D1EEAFE}.Debug|Any CPU.Build.0 = Debug|Any CPU
		{B4B03349-10E4-45D7-B4FD-FC7E1D1EEAFE}.Release|Any CPU.ActiveCfg = Release|Any CPU
		{B4B03349-10E4-45D7-B4FD-FC7E1D1EEAFE}.Release|Any CPU.Build.0 = Release|Any CPU
	EndGlobalSection
	GlobalSection(SolutionProperties) = preSolution
		HideSolutionNode = FALSE
	EndGlobalSection
	GlobalSection(ExtensibilityGlobals) = postSolution
		SolutionGuid = {03FC022A-81A5-402F-AE53-744DE88D075F}
	EndGlobalSection
EndGlobal
